<Solution>
  <Folder Name="/src/">
    <Project Path="src/Orbyss.Localization.Abstractions/Orbyss.Localization.Abstractions.csproj" />
    <Project Path="src/Orbyss.Localization/Orbyss.Localization.csproj" />
    <Project Path="src/Orbyss.Localization.Application/Orbyss.Localization.Application.csproj" />
    <Project Path="src/Orbyss.Localization.Formats/Orbyss.Localization.Formats.csproj" />
    <Project Path="src/Orbyss.Localization.Mcp.AspNetCore/Orbyss.Localization.Mcp.AspNetCore.csproj" />
    <Project Path="src/Orbyss.Localization.Storage.Abstractions/Orbyss.Localization.Storage.Abstractions.csproj" />
    <Project Path="src/Orbyss.Localization.Storage.FileSystem/Orbyss.Localization.Storage.FileSystem.csproj" />
    <Project Path="src/Orbyss.Localization.Storage.InMemory/Orbyss.Localization.Storage.InMemory.csproj" />
    <Project Path="src/Orbyss.Localization.Tool/Orbyss.Localization.Tool.csproj" />
    <Project Path="src/Orbyss.Localization.Web.Management/Orbyss.Localization.Web.Management.csproj" />
    <Project Path="src/Orbyss.Localization.Web.Runtime/Orbyss.Localization.Web.Runtime.csproj" />
  </Folder>
  <Folder Name="/tests/" />
  <Folder Name="/tests/dotnet/">
    <Project Path="tests/dotnet/Orbyss.Localization.Contracts.Probe/Orbyss.Localization.Contracts.Probe.csproj" />
    <Project Path="tests/dotnet/Orbyss.Localization.Management.Probe/Orbyss.Localization.Management.Probe.csproj" />
    <Project Path="tests/dotnet/Orbyss.Localization.Storage.InMemory.Probe/Orbyss.Localization.Storage.InMemory.Probe.csproj" />
    <Project Path="tests/dotnet/Orbyss.Localization.Web.Probe/Orbyss.Localization.Web.Probe.csproj" />
  </Folder>
</Solution>
