{
  "version": 2,
  "dependencies": {
    "net10.0": {
      "Orbyss.Foundation.Analyzers": {
        "type": "Direct",
        "requested": "[0.1.0, )",
        "resolved": "0.1.0",
        "contentHash": "eGRExasVN58KAE8gd5/AHo6ySmypKD6QLxRivM3ufLnUWRchoPVaclwFktX6QINmyDzzrtio7HX1aXnqqlxtCw=="
      },
      "orbyss.localization.abstractions": {
        "type": "Project"
      }
    }
  }
}